// !$*UTF8*$!
{
	archiveVersion = 1;
	classes = {
	};
	objectVersion = 46;
	objects = {

/* Begin PBXBuildFile section */
		3CCE6387182E859A0077E71E /* Album.m in Sources */ = {isa = PBXBuildFile; fileRef = 3CCE6384182E859A0077E71E /* Album.m */; };
		3CCE6388182E859A0077E71E /* Photo.m in Sources */ = {isa = PBXBuildFile; fileRef = 3CCE6386182E859A0077E71E /* Photo.m */; };
		3CCE638B182E85BA0077E71E /* Favorite.m in Sources */ = {isa = PBXBuildFile; fileRef = 3CCE638A182E85BA0077E71E /* Favorite.m */; };
		DED1356F18280F7F00D99AB4 /* Foundation.framework in Frameworks */ = {isa = PBXBuildFile; fileRef = DED1356E18280F7F00D99AB4 /* Foundation.framework */; };
		DED1357118280F7F00D99AB4 /* CoreGraphics.framework in Frameworks */ = {isa = PBXBuildFile; fileRef = DED1357018280F7F00D99AB4 /* CoreGraphics.framework */; };
		DED1357318280F7F00D99AB4 /* UIKit.framework in Frameworks */ = {isa = PBXBuildFile; fileRef = DED1357218280F7F00D99AB4 /* UIKit.framework */; };
		DED1357918280F7F00D99AB4 /* InfoPlist.strings in Resources */ = {isa = PBXBuildFile; fileRef = DED1357718280F7F00D99AB4 /* InfoPlist.strings */; };
		DED1357B18280F7F00D99AB4 /* main.m in Sources */ = {isa = PBXBuildFile; fileRef = DED1357A18280F7F00D99AB4 /* main.m */; };
		DED1357F18280F7F00D99AB4 /* AppDelegate.m in Sources */ = {isa = PBXBuildFile; fileRef = DED1357E18280F7F00D99AB4 /* AppDelegate.m */; };
		DED1358218280F7F00D99AB4 /* Main_iPhone.storyboard in Resources */ = {isa = PBXBuildFile; fileRef = DED1358018280F7F00D99AB4 /* Main_iPhone.storyboard */; };
		DED1358518280F7F00D99AB4 /* Main_iPad.storyboard in Resources */ = {isa = PBXBuildFile; fileRef = DED1358318280F7F00D99AB4 /* Main_iPad.storyboard */; };
		DED1358818280F7F00D99AB4 /* FirstViewController.m in Sources */ = {isa = PBXBuildFile; fileRef = DED1358718280F7F00D99AB4 /* FirstViewController.m */; };
		DED1358B18280F7F00D99AB4 /* SecondViewController.m in Sources */ = {isa = PBXBuildFile; fileRef = DED1358A18280F7F00D99AB4 /* SecondViewController.m */; };
		DED1358D18280F7F00D99AB4 /* Images.xcassets in Resources */ = {isa = PBXBuildFile; fileRef = DED1358C18280F7F00D99AB4 /* Images.xcassets */; };
		DED1359418280F7F00D99AB4 /* XCTest.framework in Frameworks */ = {isa = PBXBuildFile; fileRef = DED1359318280F7F00D99AB4 /* XCTest.framework */; };
		DED1359518280F7F00D99AB4 /* Foundation.framework in Frameworks */ = {isa = PBXBuildFile; fileRef = DED1356E18280F7F00D99AB4 /* Foundation.framework */; };
		DED1359618280F7F00D99AB4 /* UIKit.framework in Frameworks */ = {isa = PBXBuildFile; fileRef = DED1357218280F7F00D99AB4 /* UIKit.framework */; };
		DED1359E18280F7F00D99AB4 /* InfoPlist.strings in Resources */ = {isa = PBXBuildFile; fileRef = DED1359C18280F7F00D99AB4 /* InfoPlist.strings */; };
		DED135A018280F7F00D99AB4 /* mysmugmugTests.m in Sources */ = {isa = PBXBuildFile; fileRef = DED1359F18280F7F00D99AB4 /* mysmugmugTests.m */; };
		DED135AD1828100B00D99AB4 /* LoginViewController.m in Sources */ = {isa = PBXBuildFile; fileRef = DED135AC1828100B00D99AB4 /* LoginViewController.m */; };
		DED135B01828113E00D99AB4 /* LoginAuthorizeViewController.m in Sources */ = {isa = PBXBuildFile; fileRef = DED135AF1828113E00D99AB4 /* LoginAuthorizeViewController.m */; };
		DEE4DB80182D7A64001B31FE /* msAppController.m in Sources */ = {isa = PBXBuildFile; fileRef = DEE4DB7F182D7A64001B31FE /* msAppController.m */; };
		DEE4DB82182D97DF001B31FE /* iAd.framework in Frameworks */ = {isa = PBXBuildFile; fileRef = DEE4DB81182D97DF001B31FE /* iAd.framework */; };
		DEE4DB84182D97E6001B31FE /* AdSupport.framework in Frameworks */ = {isa = PBXBuildFile; fileRef = DEE4DB83182D97E6001B31FE /* AdSupport.framework */; };
/* End PBXBuildFile section */

/* Begin PBXContainerItemProxy section */
		DED1359718280F7F00D99AB4 /* PBXContainerItemProxy */ = {
			isa = PBXContainerItemProxy;
			containerPortal = DED1356318280F7F00D99AB4 /* Project object */;
			proxyType = 1;
			remoteGlobalIDString = DED1356A18280F7F00D99AB4;
			remoteInfo = mysmugmug;
		};
/* End PBXContainerItemProxy section */

/* Begin PBXFileReference section */
		3CCE6383182E859A0077E71E /* Album.h */ = {isa = PBXFileReference; fileEncoding = 4; lastKnownFileType = sourcecode.c.h; path = Album.h; sourceTree = "<group>"; };
		3CCE6384182E859A0077E71E /* Album.m */ = {isa = PBXFileReference; fileEncoding = 4; lastKnownFileType = sourcecode.c.objc; path = Album.m; sourceTree = "<group>"; };
		3CCE6385182E859A0077E71E /* Photo.h */ = {isa = PBXFileReference; fileEncoding = 4; lastKnownFileType = sourcecode.c.h; path = Photo.h; sourceTree = "<group>"; };
		3CCE6386182E859A0077E71E /* Photo.m */ = {isa = PBXFileReference; fileEncoding = 4; lastKnownFileType = sourcecode.c.objc; path = Photo.m; sourceTree = "<group>"; };
		3CCE6389182E85BA0077E71E /* Favorite.h */ = {isa = PBXFileReference; fileEncoding = 4; lastKnownFileType = sourcecode.c.h; path = Favorite.h; sourceTree = "<group>"; };
		3CCE638A182E85BA0077E71E /* Favorite.m */ = {isa = PBXFileReference; fileEncoding = 4; lastKnownFileType = sourcecode.c.objc; path = Favorite.m; sourceTree = "<group>"; };
		DED1356B18280F7F00D99AB4 /* mysmugmug.app */ = {isa = PBXFileReference; explicitFileType = wrapper.application; includeInIndex = 0; path = mysmugmug.app; sourceTree = BUILT_PRODUCTS_DIR; };
		DED1356E18280F7F00D99AB4 /* Foundation.framework */ = {isa = PBXFileReference; lastKnownFileType = wrapper.framework; name = Foundation.framework; path = System/Library/Frameworks/Foundation.framework; sourceTree = SDKROOT; };
		DED1357018280F7F00D99AB4 /* CoreGraphics.framework */ = {isa = PBXFileReference; lastKnownFileType = wrapper.framework; name = CoreGraphics.framework; path = System/Library/Frameworks/CoreGraphics.framework; sourceTree = SDKROOT; };
		DED1357218280F7F00D99AB4 /* UIKit.framework */ = {isa = PBXFileReference; lastKnownFileType = wrapper.framework; name = UIKit.framework; path = System/Library/Frameworks/UIKit.framework; sourceTree = SDKROOT; };
		DED1357618280F7F00D99AB4 /* mysmugmug-Info.plist */ = {isa = PBXFileReference; lastKnownFileType = text.plist.xml; path = "mysmugmug-Info.plist"; sourceTree = "<group>"; };
		DED1357818280F7F00D99AB4 /* en */ = {isa = PBXFileReference; lastKnownFileType = text.plist.strings; name = en; path = en.lproj/InfoPlist.strings; sourceTree = "<group>"; };
		DED1357A18280F7F00D99AB4 /* main.m */ = {isa = PBXFileReference; lastKnownFileType = sourcecode.c.objc; path = main.m; sourceTree = "<group>"; };
		DED1357C18280F7F00D99AB4 /* mysmugmug-Prefix.pch */ = {isa = PBXFileReference; lastKnownFileType = sourcecode.c.h; path = "mysmugmug-Prefix.pch"; sourceTree = "<group>"; };
		DED1357D18280F7F00D99AB4 /* AppDelegate.h */ = {isa = PBXFileReference; lastKnownFileType = sourcecode.c.h; path = AppDelegate.h; sourceTree = "<group>"; };
		DED1357E18280F7F00D99AB4 /* AppDelegate.m */ = {isa = PBXFileReference; lastKnownFileType = sourcecode.c.objc; path = AppDelegate.m; sourceTree = "<group>"; };
		DED1358118280F7F00D99AB4 /* Base */ = {isa = PBXFileReference; lastKnownFileType = file.storyboard; name = Base; path = Base.lproj/Main_iPhone.storyboard; sourceTree = "<group>"; };
		DED1358418280F7F00D99AB4 /* Base */ = {isa = PBXFileReference; lastKnownFileType = file.storyboard; name = Base; path = Base.lproj/Main_iPad.storyboard; sourceTree = "<group>"; };
		DED1358618280F7F00D99AB4 /* FirstViewController.h */ = {isa = PBXFileReference; lastKnownFileType = sourcecode.c.h; path = FirstViewController.h; sourceTree = "<group>"; };
		DED1358718280F7F00D99AB4 /* FirstViewController.m */ = {isa = PBXFileReference; lastKnownFileType = sourcecode.c.objc; path = FirstViewController.m; sourceTree = "<group>"; };
		DED1358918280F7F00D99AB4 /* SecondViewController.h */ = {isa = PBXFileReference; lastKnownFileType = sourcecode.c.h; path = SecondViewController.h; sourceTree = "<group>"; };
		DED1358A18280F7F00D99AB4 /* SecondViewController.m */ = {isa = PBXFileReference; lastKnownFileType = sourcecode.c.objc; path = SecondViewController.m; sourceTree = "<group>"; };
		DED1358C18280F7F00D99AB4 /* Images.xcassets */ = {isa = PBXFileReference; lastKnownFileType = folder.assetcatalog; path = Images.xcassets; sourceTree = "<group>"; };
		DED1359218280F7F00D99AB4 /* mysmugmugTests.xctest */ = {isa = PBXFileReference; explicitFileType = wrapper.cfbundle; includeInIndex = 0; path = mysmugmugTests.xctest; sourceTree = BUILT_PRODUCTS_DIR; };
		DED1359318280F7F00D99AB4 /* XCTest.framework */ = {isa = PBXFileReference; lastKnownFileType = wrapper.framework; name = XCTest.framework; path = Library/Frameworks/XCTest.framework; sourceTree = DEVELOPER_DIR; };
		DED1359B18280F7F00D99AB4 /* mysmugmugTests-Info.plist */ = {isa = PBXFileReference; lastKnownFileType = text.plist.xml; path = "mysmugmugTests-Info.plist"; sourceTree = "<group>"; };
		DED1359D18280F7F00D99AB4 /* en */ = {isa = PBXFileReference; lastKnownFileType = text.plist.strings; name = en; path = en.lproj/InfoPlist.strings; sourceTree = "<group>"; };
		DED1359F18280F7F00D99AB4 /* mysmugmugTests.m */ = {isa = PBXFileReference; lastKnownFileType = sourcecode.c.objc; path = mysmugmugTests.m; sourceTree = "<group>"; };
		DED135AB1828100B00D99AB4 /* LoginViewController.h */ = {isa = PBXFileReference; fileEncoding = 4; lastKnownFileType = sourcecode.c.h; path = LoginViewController.h; sourceTree = "<group>"; };
		DED135AC1828100B00D99AB4 /* LoginViewController.m */ = {isa = PBXFileReference; fileEncoding = 4; lastKnownFileType = sourcecode.c.objc; path = LoginViewController.m; sourceTree = "<group>"; };
		DED135AE1828113E00D99AB4 /* LoginAuthorizeViewController.h */ = {isa = PBXFileReference; fileEncoding = 4; lastKnownFileType = sourcecode.c.h; path = LoginAuthorizeViewController.h; sourceTree = "<group>"; };
		DED135AF1828113E00D99AB4 /* LoginAuthorizeViewController.m */ = {isa = PBXFileReference; fileEncoding = 4; lastKnownFileType = sourcecode.c.objc; path = LoginAuthorizeViewController.m; sourceTree = "<group>"; };
		DEE4DB7E182D7A64001B31FE /* msAppController.h */ = {isa = PBXFileReference; fileEncoding = 4; lastKnownFileType = sourcecode.c.h; path = msAppController.h; sourceTree = "<group>"; };
		DEE4DB7F182D7A64001B31FE /* msAppController.m */ = {isa = PBXFileReference; fileEncoding = 4; lastKnownFileType = sourcecode.c.objc; path = msAppController.m; sourceTree = "<group>"; };
		DEE4DB81182D97DF001B31FE /* iAd.framework */ = {isa = PBXFileReference; lastKnownFileType = wrapper.framework; name = iAd.framework; path = System/Library/Frameworks/iAd.framework; sourceTree = SDKROOT; };
		DEE4DB83182D97E6001B31FE /* AdSupport.framework */ = {isa = PBXFileReference; lastKnownFileType = wrapper.framework; name = AdSupport.framework; path = System/Library/Frameworks/AdSupport.framework; sourceTree = SDKROOT; };
/* End PBXFileReference section */

/* Begin PBXFrameworksBuildPhase section */
		DED1356818280F7F00D99AB4 /* Frameworks */ = {
			isa = PBXFrameworksBuildPhase;
			buildActionMask = 2147483647;
			files = (
				DEE4DB84182D97E6001B31FE /* AdSupport.framework in Frameworks */,
				DEE4DB82182D97DF001B31FE /* iAd.framework in Frameworks */,
				DED1357118280F7F00D99AB4 /* CoreGraphics.framework in Frameworks */,
				DED1357318280F7F00D99AB4 /* UIKit.framework in Frameworks */,
				DED1356F18280F7F00D99AB4 /* Foundation.framework in Frameworks */,
			);
			runOnlyForDeploymentPostprocessing = 0;
		};
		DED1358F18280F7F00D99AB4 /* Frameworks */ = {
			isa = PBXFrameworksBuildPhase;
			buildActionMask = 2147483647;
			files = (
				DED1359418280F7F00D99AB4 /* XCTest.framework in Frameworks */,
				DED1359618280F7F00D99AB4 /* UIKit.framework in Frameworks */,
				DED1359518280F7F00D99AB4 /* Foundation.framework in Frameworks */,
			);
			runOnlyForDeploymentPostprocessing = 0;
		};
/* End PBXFrameworksBuildPhase section */

/* Begin PBXGroup section */
		3CCE6382182E85700077E71E /* ValueObjects */ = {
			isa = PBXGroup;
			children = (
				3CCE6383182E859A0077E71E /* Album.h */,
				3CCE6384182E859A0077E71E /* Album.m */,
				3CCE6385182E859A0077E71E /* Photo.h */,
				3CCE6386182E859A0077E71E /* Photo.m */,
				3CCE6389182E85BA0077E71E /* Favorite.h */,
				3CCE638A182E85BA0077E71E /* Favorite.m */,
			);
			name = ValueObjects;
			sourceTree = "<group>";
		};
		3CCE638C1832F52C0077E71E /* RSS */ = {
			isa = PBXGroup;
			children = (
			);
			name = RSS;
			sourceTree = "<group>";
		};
		DED1356218280F7F00D99AB4 = {
			isa = PBXGroup;
			children = (
				DED1357418280F7F00D99AB4 /* mysmugmug */,
				DED1359918280F7F00D99AB4 /* mysmugmugTests */,
				DED1356D18280F7F00D99AB4 /* Frameworks */,
				DED1356C18280F7F00D99AB4 /* Products */,
			);
			sourceTree = "<group>";
		};
		DED1356C18280F7F00D99AB4 /* Products */ = {
			isa = PBXGroup;
			children = (
				DED1356B18280F7F00D99AB4 /* mysmugmug.app */,
				DED1359218280F7F00D99AB4 /* mysmugmugTests.xctest */,
			);
			name = Products;
			sourceTree = "<group>";
		};
		DED1356D18280F7F00D99AB4 /* Frameworks */ = {
			isa = PBXGroup;
			children = (
				DEE4DB83182D97E6001B31FE /* AdSupport.framework */,
				DEE4DB81182D97DF001B31FE /* iAd.framework */,
				DED1356E18280F7F00D99AB4 /* Foundation.framework */,
				DED1357018280F7F00D99AB4 /* CoreGraphics.framework */,
				DED1357218280F7F00D99AB4 /* UIKit.framework */,
				DED1359318280F7F00D99AB4 /* XCTest.framework */,
			);
			name = Frameworks;
			sourceTree = "<group>";
		};
		DED1357418280F7F00D99AB4 /* mysmugmug */ = {
			isa = PBXGroup;
			children = (
				3CCE638C1832F52C0077E71E /* RSS */,
				3CCE6382182E85700077E71E /* ValueObjects */,
				DEE4DB7D182D7A4A001B31FE /* AppController */,
				DED135B11828233500D99AB4 /* OAuth */,
				DED135A918280FEB00D99AB4 /* ViewControllers */,
				DED1357D18280F7F00D99AB4 /* AppDelegate.h */,
				DED1357E18280F7F00D99AB4 /* AppDelegate.m */,
				DED1358018280F7F00D99AB4 /* Main_iPhone.storyboard */,
				DED1358318280F7F00D99AB4 /* Main_iPad.storyboard */,
				DED1358C18280F7F00D99AB4 /* Images.xcassets */,
				DED1357518280F7F00D99AB4 /* Supporting Files */,
			);
			path = mysmugmug;
			sourceTree = "<group>";
		};
		DED1357518280F7F00D99AB4 /* Supporting Files */ = {
			isa = PBXGroup;
			children = (
				DED1357618280F7F00D99AB4 /* mysmugmug-Info.plist */,
				DED1357718280F7F00D99AB4 /* InfoPlist.strings */,
				DED1357A18280F7F00D99AB4 /* main.m */,
				DED1357C18280F7F00D99AB4 /* mysmugmug-Prefix.pch */,
			);
			name = "Supporting Files";
			sourceTree = "<group>";
		};
		DED1359918280F7F00D99AB4 /* mysmugmugTests */ = {
			isa = PBXGroup;
			children = (
				DED1359F18280F7F00D99AB4 /* mysmugmugTests.m */,
				DED1359A18280F7F00D99AB4 /* Supporting Files */,
			);
			path = mysmugmugTests;
			sourceTree = "<group>";
		};
		DED1359A18280F7F00D99AB4 /* Supporting Files */ = {
			isa = PBXGroup;
			children = (
				DED1359B18280F7F00D99AB4 /* mysmugmugTests-Info.plist */,
				DED1359C18280F7F00D99AB4 /* InfoPlist.strings */,
			);
			name = "Supporting Files";
			sourceTree = "<group>";
		};
		DED135A918280FEB00D99AB4 /* ViewControllers */ = {
			isa = PBXGroup;
			children = (
				DED1358618280F7F00D99AB4 /* FirstViewController.h */,
				DED1358718280F7F00D99AB4 /* FirstViewController.m */,
				DED1358918280F7F00D99AB4 /* SecondViewController.h */,
				DED1358A18280F7F00D99AB4 /* SecondViewController.m */,
				DED135AA18280FF800D99AB4 /* Login */,
			);
			name = ViewControllers;
			sourceTree = "<group>";
		};
		DED135AA18280FF800D99AB4 /* Login */ = {
			isa = PBXGroup;
			children = (
				DED135AB1828100B00D99AB4 /* LoginViewController.h */,
				DED135AC1828100B00D99AB4 /* LoginViewController.m */,
				DED135AE1828113E00D99AB4 /* LoginAuthorizeViewController.h */,
				DED135AF1828113E00D99AB4 /* LoginAuthorizeViewController.m */,
			);
			name = Login;
			sourceTree = "<group>";
		};
		DED135B11828233500D99AB4 /* OAuth */ = {
			isa = PBXGroup;
			children = (
			);
			name = OAuth;
			sourceTree = "<group>";
		};
		DEE4DB7D182D7A4A001B31FE /* AppController */ = {
			isa = PBXGroup;
			children = (
				DEE4DB7E182D7A64001B31FE /* msAppController.h */,
				DEE4DB7F182D7A64001B31FE /* msAppController.m */,
			);
			name = AppController;
			sourceTree = "<group>";
		};
/* End PBXGroup section */

/* Begin PBXNativeTarget section */
		DED1356A18280F7F00D99AB4 /* mysmugmug */ = {
			isa = PBXNativeTarget;
			buildConfigurationList = DED135A318280F7F00D99AB4 /* Build configuration list for PBXNativeTarget "mysmugmug" */;
			buildPhases = (
				DED1356718280F7F00D99AB4 /* Sources */,
				DED1356818280F7F00D99AB4 /* Frameworks */,
				DED1356918280F7F00D99AB4 /* Resources */,
			);
			buildRules = (
			);
			dependencies = (
			);
			name = mysmugmug;
			productName = mysmugmug;
			productReference = DED1356B18280F7F00D99AB4 /* mysmugmug.app */;
			productType = "com.apple.product-type.application";
		};
		DED1359118280F7F00D99AB4 /* mysmugmugTests */ = {
			isa = PBXNativeTarget;
			buildConfigurationList = DED135A618280F7F00D99AB4 /* Build configuration list for PBXNativeTarget "mysmugmugTests" */;
			buildPhases = (
				DED1358E18280F7F00D99AB4 /* Sources */,
				DED1358F18280F7F00D99AB4 /* Frameworks */,
				DED1359018280F7F00D99AB4 /* Resources */,
			);
			buildRules = (
			);
			dependencies = (
				DED1359818280F7F00D99AB4 /* PBXTargetDependency */,
			);
			name = mysmugmugTests;
			productName = mysmugmugTests;
			productReference = DED1359218280F7F00D99AB4 /* mysmugmugTests.xctest */;
			productType = "com.apple.product-type.bundle.unit-test";
		};
/* End PBXNativeTarget section */

/* Begin PBXProject section */
		DED1356318280F7F00D99AB4 /* Project object */ = {
			isa = PBXProject;
			attributes = {
				LastUpgradeCheck = 0500;
				ORGANIZATIONNAME = dickson;
				TargetAttributes = {
					DED1359118280F7F00D99AB4 = {
						TestTargetID = DED1356A18280F7F00D99AB4;
					};
				};
			};
			buildConfigurationList = DED1356618280F7F00D99AB4 /* Build configuration list for PBXProject "mysmugmug" */;
			compatibilityVersion = "Xcode 3.2";
			developmentRegion = English;
			hasScannedForEncodings = 0;
			knownRegions = (
				en,
				Base,
			);
			mainGroup = DED1356218280F7F00D99AB4;
			productRefGroup = DED1356C18280F7F00D99AB4 /* Products */;
			projectDirPath = "";
			projectRoot = "";
			targets = (
				DED1356A18280F7F00D99AB4 /* mysmugmug */,
				DED1359118280F7F00D99AB4 /* mysmugmugTests */,
			);
		};
/* End PBXProject section */

/* Begin PBXResourcesBuildPhase section */
		DED1356918280F7F00D99AB4 /* Resources */ = {
			isa = PBXResourcesBuildPhase;
			buildActionMask = 2147483647;
			files = (
				DED1358518280F7F00D99AB4 /* Main_iPad.storyboard in Resources */,
				DED1358D18280F7F00D99AB4 /* Images.xcassets in Resources */,
				DED1358218280F7F00D99AB4 /* Main_iPhone.storyboard in Resources */,
				DED1357918280F7F00D99AB4 /* InfoPlist.strings in Resources */,
			);
			runOnlyForDeploymentPostprocessing = 0;
		};
		DED1359018280F7F00D99AB4 /* Resources */ = {
			isa = PBXResourcesBuildPhase;
			buildActionMask = 2147483647;
			files = (
				DED1359E18280F7F00D99AB4 /* InfoPlist.strings in Resources */,
			);
			runOnlyForDeploymentPostprocessing = 0;
		};
/* End PBXResourcesBuildPhase section */

/* Begin PBXSourcesBuildPhase section */
		DED1356718280F7F00D99AB4 /* Sources */ = {
			isa = PBXSourcesBuildPhase;
			buildActionMask = 2147483647;
			files = (
				DED1358B18280F7F00D99AB4 /* SecondViewController.m in Sources */,
				3CCE638B182E85BA0077E71E /* Favorite.m in Sources */,
				DED1357F18280F7F00D99AB4 /* AppDelegate.m in Sources */,
				DEE4DB80182D7A64001B31FE /* msAppController.m in Sources */,
				3CCE6388182E859A0077E71E /* Photo.m in Sources */,
				3CCE6387182E859A0077E71E /* Album.m in Sources */,
				DED1358818280F7F00D99AB4 /* FirstViewController.m in Sources */,
				DED1357B18280F7F00D99AB4 /* main.m in Sources */,
				DED135B01828113E00D99AB4 /* LoginAuthorizeViewController.m in Sources */,
				DED135AD1828100B00D99AB4 /* LoginViewController.m in Sources */,
			);
			runOnlyForDeploymentPostprocessing = 0;
		};
		DED1358E18280F7F00D99AB4 /* Sources */ = {
			isa = PBXSourcesBuildPhase;
			buildActionMask = 2147483647;
			files = (
				DED135A018280F7F00D99AB4 /* mysmugmugTests.m in Sources */,
			);
			runOnlyForDeploymentPostprocessing = 0;
		};
/* End PBXSourcesBuildPhase section */

/* Begin PBXTargetDependency section */
		DED1359818280F7F00D99AB4 /* PBXTargetDependency */ = {
			isa = PBXTargetDependency;
			target = DED1356A18280F7F00D99AB4 /* mysmugmug */;
			targetProxy = DED1359718280F7F00D99AB4 /* PBXContainerItemProxy */;
		};
/* End PBXTargetDependency section */

/* Begin PBXVariantGroup section */
		DED1357718280F7F00D99AB4 /* InfoPlist.strings */ = {
			isa = PBXVariantGroup;
			children = (
				DED1357818280F7F00D99AB4 /* en */,
			);
			name = InfoPlist.strings;
			sourceTree = "<group>";
		};
		DED1358018280F7F00D99AB4 /* Main_iPhone.storyboard */ = {
			isa = PBXVariantGroup;
			children = (
				DED1358118280F7F00D99AB4 /* Base */,
			);
			name = Main_iPhone.storyboard;
			sourceTree = "<group>";
		};
		DED1358318280F7F00D99AB4 /* Main_iPad.storyboard */ = {
			isa = PBXVariantGroup;
			children = (
				DED1358418280F7F00D99AB4 /* Base */,
			);
			name = Main_iPad.storyboard;
			sourceTree = "<group>";
		};
		DED1359C18280F7F00D99AB4 /* InfoPlist.strings */ = {
			isa = PBXVariantGroup;
			children = (
				DED1359D18280F7F00D99AB4 /* en */,
			);
			name = InfoPlist.strings;
			sourceTree = "<group>";
		};
/* End PBXVariantGroup section */

/* Begin XCBuildConfiguration section */
		DED135A118280F7F00D99AB4 /* Debug */ = {
			isa = XCBuildConfiguration;
			buildSettings = {
				ALWAYS_SEARCH_USER_PATHS = NO;
				ARCHS = "$(ARCHS_STANDARD_INCLUDING_64_BIT)";
				CLANG_CXX_LANGUAGE_STANDARD = "gnu++0x";
				CLANG_CXX_LIBRARY = "libc++";
				CLANG_ENABLE_MODULES = YES;
				CLANG_ENABLE_OBJC_ARC = YES;
				CLANG_WARN_BOOL_CONVERSION = YES;
				CLANG_WARN_CONSTANT_CONVERSION = YES;
				CLANG_WARN_DIRECT_OBJC_ISA_USAGE = YES_ERROR;
				CLANG_WARN_EMPTY_BODY = YES;
				CLANG_WARN_ENUM_CONVERSION = YES;
				CLANG_WARN_INT_CONVERSION = YES;
				CLANG_WARN_OBJC_ROOT_CLASS = YES_ERROR;
				CLANG_WARN__DUPLICATE_METHOD_MATCH = YES;
				"CODE_SIGN_IDENTITY[sdk=iphoneos*]" = "iPhone Developer";
				COPY_PHASE_STRIP = NO;
				GCC_C_LANGUAGE_STANDARD = gnu99;
				GCC_DYNAMIC_NO_PIC = NO;
				GCC_OPTIMIZATION_LEVEL = 0;
				GCC_PREPROCESSOR_DEFINITIONS = (
					"DEBUG=1",
					"$(inherited)",
				);
				GCC_SYMBOLS_PRIVATE_EXTERN = NO;
				GCC_WARN_64_TO_32_BIT_CONVERSION = YES;
				GCC_WARN_ABOUT_RETURN_TYPE = YES_ERROR;
				GCC_WARN_UNDECLARED_SELECTOR = YES;
				GCC_WARN_UNINITIALIZED_AUTOS = YES;
				GCC_WARN_UNUSED_FUNCTION = YES;
				GCC_WARN_UNUSED_VARIABLE = YES;
				IPHONEOS_DEPLOYMENT_TARGET = 7.0;
				ONLY_ACTIVE_ARCH = YES;
				SDKROOT = iphoneos;
				TARGETED_DEVICE_FAMILY = "1,2";
			};
			name = Debug;
		};
		DED135A218280F7F00D99AB4 /* Release */ = {
			isa = XCBuildConfiguration;
			buildSettings = {
				ALWAYS_SEARCH_USER_PATHS = NO;
				ARCHS = "$(ARCHS_STANDARD_INCLUDING_64_BIT)";
				CLANG_CXX_LANGUAGE_STANDARD = "gnu++0x";
				CLANG_CXX_LIBRARY = "libc++";
				CLANG_ENABLE_MODULES = YES;
				CLANG_ENABLE_OBJC_ARC = YES;
				CLANG_WARN_BOOL_CONVERSION = YES;
				CLANG_WARN_CONSTANT_CONVERSION = YES;
				CLANG_WARN_DIRECT_OBJC_ISA_USAGE = YES_ERROR;
				CLANG_WARN_EMPTY_BODY = YES;
				CLANG_WARN_ENUM_CONVERSION = YES;
				CLANG_WARN_INT_CONVERSION = YES;
				CLANG_WARN_OBJC_ROOT_CLASS = YES_ERROR;
				CLANG_WARN__DUPLICATE_METHOD_MATCH = YES;
				"CODE_SIGN_IDENTITY[sdk=iphoneos*]" = "iPhone Developer";
				COPY_PHASE_STRIP = YES;
				ENABLE_NS_ASSERTIONS = NO;
				GCC_C_LANGUAGE_STANDARD = gnu99;
				GCC_WARN_64_TO_32_BIT_CONVERSION = YES;
				GCC_WARN_ABOUT_RETURN_TYPE = YES_ERROR;
				GCC_WARN_UNDECLARED_SELECTOR = YES;
				GCC_WARN_UNINITIALIZED_AUTOS = YES;
				GCC_WARN_UNUSED_FUNCTION = YES;
				GCC_WARN_UNUSED_VARIABLE = YES;
				IPHONEOS_DEPLOYMENT_TARGET = 7.0;
				SDKROOT = iphoneos;
				TARGETED_DEVICE_FAMILY = "1,2";
				VALIDATE_PRODUCT = YES;
			};
			name = Release;
		};
		DED135A418280F7F00D99AB4 /* Debug */ = {
			isa = XCBuildConfiguration;
			buildSettings = {
				ASSETCATALOG_COMPILER_APPICON_NAME = AppIcon;
				ASSETCATALOG_COMPILER_LAUNCHIMAGE_NAME = LaunchImage;
				GCC_PRECOMPILE_PREFIX_HEADER = YES;
				GCC_PREFIX_HEADER = "mysmugmug/mysmugmug-Prefix.pch";
				INFOPLIST_FILE = "mysmugmug/mysmugmug-Info.plist";
				PRODUCT_NAME = "$(TARGET_NAME)";
				WRAPPER_EXTENSION = app;
			};
			name = Debug;
		};
		DED135A518280F7F00D99AB4 /* Release */ = {
			isa = XCBuildConfiguration;
			buildSettings = {
				ASSETCATALOG_COMPILER_APPICON_NAME = AppIcon;
				ASSETCATALOG_COMPILER_LAUNCHIMAGE_NAME = LaunchImage;
				GCC_PRECOMPILE_PREFIX_HEADER = YES;
				GCC_PREFIX_HEADER = "mysmugmug/mysmugmug-Prefix.pch";
				INFOPLIST_FILE = "mysmugmug/mysmugmug-Info.plist";
				PRODUCT_NAME = "$(TARGET_NAME)";
				WRAPPER_EXTENSION = app;
			};
			name = Release;
		};
		DED135A718280F7F00D99AB4 /* Debug */ = {
			isa = XCBuildConfiguration;
			buildSettings = {
				ARCHS = "$(ARCHS_STANDARD_INCLUDING_64_BIT)";
				BUNDLE_LOADER = "$(BUILT_PRODUCTS_DIR)/mysmugmug.app/mysmugmug";
				FRAMEWORK_SEARCH_PATHS = (
					"$(SDKROOT)/Developer/Library/Frameworks",
					"$(inherited)",
					"$(DEVELOPER_FRAMEWORKS_DIR)",
				);
				GCC_PRECOMPILE_PREFIX_HEADER = YES;
				GCC_PREFIX_HEADER = "mysmugmug/mysmugmug-Prefix.pch";
				GCC_PREPROCESSOR_DEFINITIONS = (
					"DEBUG=1",
					"$(inherited)",
				);
				INFOPLIST_FILE = "mysmugmugTests/mysmugmugTests-Info.plist";
				PRODUCT_NAME = "$(TARGET_NAME)";
				TEST_HOST = "$(BUNDLE_LOADER)";
				WRAPPER_EXTENSION = xctest;
			};
			name = Debug;
		};
		DED135A818280F7F00D99AB4 /* Release */ = {
			isa = XCBuildConfiguration;
			buildSettings = {
				ARCHS = "$(ARCHS_STANDARD_INCLUDING_64_BIT)";
				BUNDLE_LOADER = "$(BUILT_PRODUCTS_DIR)/mysmugmug.app/mysmugmug";
				FRAMEWORK_SEARCH_PATHS = (
					"$(SDKROOT)/Developer/Library/Frameworks",
					"$(inherited)",
					"$(DEVELOPER_FRAMEWORKS_DIR)",
				);
				GCC_PRECOMPILE_PREFIX_HEADER = YES;
				GCC_PREFIX_HEADER = "mysmugmug/mysmugmug-Prefix.pch";
				INFOPLIST_FILE = "mysmugmugTests/mysmugmugTests-Info.plist";
				PRODUCT_NAME = "$(TARGET_NAME)";
				TEST_HOST = "$(BUNDLE_LOADER)";
				WRAPPER_EXTENSION = xctest;
			};
			name = Release;
		};
/* End XCBuildConfiguration section */

/* Begin XCConfigurationList section */
		DED1356618280F7F00D99AB4 /* Build configuration list for PBXProject "mysmugmug" */ = {
			isa = XCConfigurationList;
			buildConfigurations = (
				DED135A118280F7F00D99AB4 /* Debug */,
				DED135A218280F7F00D99AB4 /* Release */,
			);
			defaultConfigurationIsVisible = 0;
			defaultConfigurationName = Release;
		};
		DED135A318280F7F00D99AB4 /* Build configuration list for PBXNativeTarget "mysmugmug" */ = {
			isa = XCConfigurationList;
			buildConfigurations = (
				DED135A418280F7F00D99AB4 /* Debug */,
				DED135A518280F7F00D99AB4 /* Release */,
			);
			defaultConfigurationIsVisible = 0;
			defaultConfigurationName = Release;
		};
		DED135A618280F7F00D99AB4 /* Build configuration list for PBXNativeTarget "mysmugmugTests" */ = {
			isa = XCConfigurationList;
			buildConfigurations = (
				DED135A718280F7F00D99AB4 /* Debug */,
				DED135A818280F7F00D99AB4 /* Release */,
			);
			defaultConfigurationIsVisible = 0;
			defaultConfigurationName = Release;
		};
/* End XCConfigurationList section */
	};
	rootObject = DED1356318280F7F00D99AB4 /* Project object */;
}
